
Microsoft Visual Studio Solution File, Format Version 12.00
# Visual Studio Version 17
VisualStudioVersion = 17.7.34018.315
MinimumVisualStudioVersion = 10.0.40219.1
Project("{FAE04EC0-301F-11D3-BF4B-00C04F79EFBC}") = "Objektorientering_Klasshierarki", "Objektorientering_Klasshierarki\Objektorientering_Klasshierarki.csproj", "{462FABB3-A6A7-45A3-B93C-885FE58D0696}"
EndProject
Global
	GlobalSection(SolutionConfigurationPlatforms) = preSolution
		Debug|Any CPU = Debug|Any CPU
		Release|Any CPU = Release|Any CPU
	EndGlobalSection
	GlobalSection(ProjectConfigurationPlatforms) = postSolution
		{462FABB3-A6A7-45A3-B93C-885FE58D0696}.Debug|Any CPU.ActiveCfg = Debug|Any CPU
		{462FABB3-A6A7-45A3-B93C-885FE58D0696}.Debug|Any CPU.Build.0 = Debug|Any CPU
		{462FABB3-A6A7-45A3-B93C-885FE58D0696}.Release|Any CPU.ActiveCfg = Release|Any CPU
		{462FABB3-A6A7-45A3-B93C-885FE58D0696}.Release|Any CPU.Build.0 = Release|Any CPU
	EndGlobalSection
	GlobalSection(SolutionProperties) = preSolution
		HideSolutionNode = FALSE
	EndGlobalSection
	GlobalSection(ExtensibilityGlobals) = postSolution
		SolutionGuid = {E3BA3BD7-DFA7-46AB-8706-13B28B803928}
	EndGlobalSection
EndGlobal
